
Microsoft Visual Studio Solution File, Format Version 12.00
# Visual Studio Version 17
VisualStudioVersion = 17.14.36811.4 d17.14
MinimumVisualStudioVersion = 10.0.40219.1
Project("{FAE04EC0-301F-11D3-BF4B-00C04F79EFBC}") = "Example_2", "Example_2\Example_2.csproj", "{6E21FB48-B8FD-45C0-9547-AC6CCF5F2949}"
EndProject
Global
	GlobalSection(SolutionConfigurationPlatforms) = preSolution
		Debug|Any CPU = Debug|Any CPU
		Release|Any CPU = Release|Any CPU
	EndGlobalSection
	GlobalSection(ProjectConfigurationPlatforms) = postSolution
		{6E21FB48-B8FD-45C0-9547-AC6CCF5F2949}.Debug|Any CPU.ActiveCfg = Debug|Any CPU
		{6E21FB48-B8FD-45C0-9547-AC6CCF5F2949}.Debug|Any CPU.Build.0 = Debug|Any CPU
		{6E21FB48-B8FD-45C0-9547-AC6CCF5F2949}.Release|Any CPU.ActiveCfg = Release|Any CPU
		{6E21FB48-B8FD-45C0-9547-AC6CCF5F2949}.Release|Any CPU.Build.0 = Release|Any CPU
	EndGlobalSection
	GlobalSection(SolutionProperties) = preSolution
		HideSolutionNode = FALSE
	EndGlobalSection
	GlobalSection(ExtensibilityGlobals) = postSolution
		SolutionGuid = {CE02D23D-1262-4F44-9A12-41781C9A07A1}
	EndGlobalSection
EndGlobal
